
Microsoft Visual Studio Solution File, Format Version 12.00
# Visual Studio Version 16
VisualStudioVersion = 16.0.29215.179
MinimumVisualStudioVersion = 10.0.40219.1
Project("{FAE04EC0-301F-11D3-BF4B-00C04F79EFBC}") = "SimpleCRUD", "SimpleCRUD\SimpleCRUD.csproj", "{834F8097-58AC-485C-861D-D0B516DD562C}"
EndProject
Project("{FAE04EC0-301F-11D3-BF4B-00C04F79EFBC}") = "Buiness", "Buiness\Buiness.csproj", "{E279C0FB-5B2E-44A6-81B9-0A18E03BDA14}"
EndProject
Global
	GlobalSection(SolutionConfigurationPlatforms) = preSolution
		Debug|Any CPU = Debug|Any CPU
		Release|Any CPU = Release|Any CPU
	EndGlobalSection
	GlobalSection(ProjectConfigurationPlatforms) = postSolution
		{834F8097-58AC-485C-861D-D0B516DD562C}.Debug|Any CPU.ActiveCfg = Debug|Any CPU
		{834F8097-58AC-485C-861D-D0B516DD562C}.Debug|Any CPU.Build.0 = Debug|Any CPU
		{834F8097-58AC-485C-861D-D0B516DD562C}.Release|Any CPU.ActiveCfg = Release|Any CPU
		{834F8097-58AC-485C-861D-D0B516DD562C}.Release|Any CPU.Build.0 = Release|Any CPU
		{E279C0FB-5B2E-44A6-81B9-0A18E03BDA14}.Debug|Any CPU.ActiveCfg = Debug|Any CPU
		{E279C0FB-5B2E-44A6-81B9-0A18E03BDA14}.Debug|Any CPU.Build.0 = Debug|Any CPU
		{E279C0FB-5B2E-44A6-81B9-0A18E03BDA14}.Release|Any CPU.ActiveCfg = Release|Any CPU
		{E279C0FB-5B2E-44A6-81B9-0A18E03BDA14}.Release|Any CPU.Build.0 = Release|Any CPU
	EndGlobalSection
	GlobalSection(SolutionProperties) = preSolution
		HideSolutionNode = FALSE
	EndGlobalSection
	GlobalSection(ExtensibilityGlobals) = postSolution
		SolutionGuid = {695E05EE-E176-437E-9207-1F5A413AFC4F}
	EndGlobalSection
EndGlobal
